PODS:
  - camera (0.0.1):
    - Flutter
  - connectivity (0.0.1):
    - Flutter
    - Reachability
  - device_info (0.0.1):
    - Flutter
  - Flutter (1.0.0)
  - flutter_inappwebview (0.0.1):
    - Flutter
  - flutter_local_notifications (0.0.1):
    - Flutter
  - flutter_native_image (0.0.1):
    - Flutter
  - image_editor (0.0.1):
    - Flutter
  - open_file (0.0.1):
    - Flutter
  - package_info (0.0.1):
    - Flutter
  - path_provider (0.0.1):
    - Flutter
  - "permission_handler (5.1.0+2)":
    - Flutter
  - photo_manager (0.0.1):
    - Flutter
  - quick_actions (0.0.1):
    - Flutter
  - r_scan (0.0.1):
    - Flutter
    - ZXingObjCCopy (~> 3.6.5)
  - Reachability (3.2)
  - url_launcher (0.0.1):
    - Flutter
  - vibration (1.7.3):
    - Flutter
  - video_player (0.0.1):
    - Flutter
  - ZXingObjCCopy (3.6.5):
    - ZXingObjCCopy/All (= 3.6.5)
  - ZXingObjCCopy/All (3.6.5)

DEPENDENCIES:
  - "camera (from `/Users/alex/Documents/flutter-stable/.pub-cache/hosted/pub.flutter-io.cn/camera-0.7.0+2//ios/camera.podspec`)"
  - connectivity (from `/Users/alex/Documents/flutter-stable/.pub-cache/hosted/pub.flutter-io.cn/connectivity-2.0.2//ios/connectivity.podspec`)
  - device_info (from `/Users/alex/Documents/flutter-stable/.pub-cache/hosted/pub.flutter-io.cn/device_info-1.0.0//ios/device_info.podspec`)
  - Flutter (from `Flutter`)
  - "flutter_inappwebview (from `/Users/alex/Documents/flutter-stable/.pub-cache/hosted/pub.flutter-io.cn/flutter_inappwebview-4.0.0+4//ios/flutter_inappwebview.podspec`)"
  - flutter_local_notifications (from `/Users/alex/Documents/flutter-stable/.pub-cache/hosted/pub.flutter-io.cn/flutter_local_notifications-4.0.0//ios/flutter_local_notifications.podspec`)
  - "flutter_native_image (from `/Users/alex/Documents/flutter-stable/.pub-cache/hosted/pub.flutter-io.cn/flutter_native_image-0.0.5+3//ios/flutter_native_image.podspec`)"
  - image_editor (from `/Users/alex/Documents/flutter-stable/.pub-cache/hosted/pub.flutter-io.cn/image_editor-0.7.3//ios/image_editor.podspec`)
  - open_file (from `/Users/alex/Documents/flutter-stable/.pub-cache/hosted/pub.flutter-io.cn/open_file-3.0.3//ios/open_file.podspec`)
  - "package_info (from `/Users/alex/Documents/flutter-stable/.pub-cache/hosted/pub.flutter-io.cn/package_info-0.4.3+4//ios/package_info.podspec`)"
  - path_provider (from `/Users/alex/Documents/flutter-stable/.pub-cache/hosted/pub.flutter-io.cn/path_provider-1.6.27//ios/path_provider.podspec`)
  - "permission_handler (from `/Users/alex/Documents/flutter-stable/.pub-cache/hosted/pub.flutter-io.cn/permission_handler-5.1.0+2//ios/permission_handler.podspec`)"
  - photo_manager (from `/Users/alex/Documents/flutter-stable/.pub-cache/hosted/pub.flutter-io.cn/photo_manager-0.6.0//ios/photo_manager.podspec`)
  - "quick_actions (from `/Users/alex/Documents/flutter-stable/.pub-cache/hosted/pub.flutter-io.cn/quick_actions-0.4.0+10//ios/quick_actions.podspec`)"
  - r_scan (from `/Users/alex/Documents/flutter-stable/.pub-cache/git/r_scan-d2f1849f365a1d716d0ade34cfc401f1d6b3d56d//ios/r_scan.podspec`)
  - url_launcher (from `/Users/alex/Documents/flutter-stable/.pub-cache/hosted/pub.flutter-io.cn/url_launcher-5.7.10//ios/url_launcher.podspec`)
  - vibration (from `/Users/alex/Documents/flutter-stable/.pub-cache/hosted/pub.flutter-io.cn/vibration-1.7.3//ios/vibration.podspec`)
  - video_player (from `/Users/alex/Documents/flutter-stable/.pub-cache/hosted/pub.flutter-io.cn/video_player-1.0.1//ios/video_player.podspec`)

SPEC REPOS:
  https://mirrors.tuna.tsinghua.edu.cn/git/CocoaPods/Specs.git:
    - Reachability
    - ZXingObjCCopy

EXTERNAL SOURCES:
  camera:
    :path: "/Users/alex/Documents/flutter-stable/.pub-cache/hosted/pub.flutter-io.cn/camera-0.7.0+2//ios/camera.podspec"
  connectivity:
    :path: "/Users/alex/Documents/flutter-stable/.pub-cache/hosted/pub.flutter-io.cn/connectivity-2.0.2//ios/connectivity.podspec"
  device_info:
    :path: "/Users/alex/Documents/flutter-stable/.pub-cache/hosted/pub.flutter-io.cn/device_info-1.0.0//ios/device_info.podspec"
  Flutter:
    :path: Flutter
  flutter_inappwebview:
    :path: "/Users/alex/Documents/flutter-stable/.pub-cache/hosted/pub.flutter-io.cn/flutter_inappwebview-4.0.0+4//ios/flutter_inappwebview.podspec"
  flutter_local_notifications:
    :path: "/Users/alex/Documents/flutter-stable/.pub-cache/hosted/pub.flutter-io.cn/flutter_local_notifications-4.0.0//ios/flutter_local_notifications.podspec"
  flutter_native_image:
    :path: "/Users/alex/Documents/flutter-stable/.pub-cache/hosted/pub.flutter-io.cn/flutter_native_image-0.0.5+3//ios/flutter_native_image.podspec"
  image_editor:
    :path: "/Users/alex/Documents/flutter-stable/.pub-cache/hosted/pub.flutter-io.cn/image_editor-0.7.3//ios/image_editor.podspec"
  open_file:
    :path: "/Users/alex/Documents/flutter-stable/.pub-cache/hosted/pub.flutter-io.cn/open_file-3.0.3//ios/open_file.podspec"
  package_info:
    :path: "/Users/alex/Documents/flutter-stable/.pub-cache/hosted/pub.flutter-io.cn/package_info-0.4.3+4//ios/package_info.podspec"
  path_provider:
    :path: "/Users/alex/Documents/flutter-stable/.pub-cache/hosted/pub.flutter-io.cn/path_provider-1.6.27//ios/path_provider.podspec"
  permission_handler:
    :path: "/Users/alex/Documents/flutter-stable/.pub-cache/hosted/pub.flutter-io.cn/permission_handler-5.1.0+2//ios/permission_handler.podspec"
  photo_manager:
    :path: "/Users/alex/Documents/flutter-stable/.pub-cache/hosted/pub.flutter-io.cn/photo_manager-0.6.0//ios/photo_manager.podspec"
  quick_actions:
    :path: "/Users/alex/Documents/flutter-stable/.pub-cache/hosted/pub.flutter-io.cn/quick_actions-0.4.0+10//ios/quick_actions.podspec"
  r_scan:
    :path: "/Users/alex/Documents/flutter-stable/.pub-cache/git/r_scan-d2f1849f365a1d716d0ade34cfc401f1d6b3d56d//ios/r_scan.podspec"
  url_launcher:
    :path: "/Users/alex/Documents/flutter-stable/.pub-cache/hosted/pub.flutter-io.cn/url_launcher-5.7.10//ios/url_launcher.podspec"
  vibration:
    :path: "/Users/alex/Documents/flutter-stable/.pub-cache/hosted/pub.flutter-io.cn/vibration-1.7.3//ios/vibration.podspec"
  video_player:
    :path: "/Users/alex/Documents/flutter-stable/.pub-cache/hosted/pub.flutter-io.cn/video_player-1.0.1//ios/video_player.podspec"

SPEC CHECKSUMS:
  camera: a0ca5080336f7af47b88436e5e26da3dee5568f0
  connectivity: c4130b2985d4ef6fd26f9702e886bd5260681467
  device_info: d7d233b645a32c40dfdc212de5cf646ca482f175
  Flutter: 0e3d915762c693b495b44d77113d4970485de6ec
  flutter_inappwebview: 69dfbac46157b336ffbec19ca6dfd4638c7bf189
  flutter_local_notifications: 0c0b1ae97e741e1521e4c1629a459d04b9aec743
  flutter_native_image: 9c0b7451838484458e5b0fae007b86a4c2d4bdfe
  image_editor: c1d038630eedea60d2dee9c14f36aa66c7f9cfab
  open_file: 02eb5cb6b21264bd3a696876f5afbfb7ca4f4b7d
  package_info: 873975fc26034f0b863a300ad47e7f1ac6c7ec62
  path_provider: abfe2b5c733d04e238b0d8691db0cfd63a27a93c
  permission_handler: ccb20a9fad0ee9b1314a52b70b76b473c5f8dab0
  photo_manager: f7c619c2cc8c2adb8d85c63363babac477de9c67
  quick_actions: 6cb2390c4dab0e737c94573c27e18d9666710720
  r_scan: 73b806baa9094d33c2c3067f78fb76e350d57a93
  Reachability: 33e18b67625424e47b6cde6d202dce689ad7af96
  url_launcher: 6fef411d543ceb26efce54b05a0a40bfd74cbbef
  vibration: b5a33e764c3f609a975b9dca73dce20fdde627dc
  video_player: 9cc823b1d9da7e8427ee591e8438bfbcde500e6e
  ZXingObjCCopy: 08aed07cb60e2a3ab79ae7ca298a3e7fd9ca4164

PODFILE CHECKSUM: c5f9efd8bcad6ce8cb849909464584a66e168939

COCOAPODS: 1.10.0
